{
  "pins" : [
    {
      "identity" : "mrzparser",
      "kind" : "remoteSourceControl",
      "location" : "https://github.com/KosyanMedia/MRZParser.git",
      "state" : {
        "revision" : "76fec734c3f294a0072ab15e6b217a2cf3e74e03",
        "version" : "1.0.0"
      }
    }
  ],
  "version" : 2
}
